{
  "nodes": {
    "attone_plugin": {
      "flake": false,
      "locked": {
        "lastModified": 1774193553,
        "narHash": "sha256-fqbhgGS/IQmXtYFaOApROvqAvynAZZWmoV2IIQ74WmQ=",
        "owner": "XXiaoA",
        "repo": "atone.nvim",
        "rev": "8e5ad5fcda6c2a7e53eaaf2b1b9562a537caf630",
        "type": "github"
      },
      "original": {
        "owner": "XXiaoA",
        "repo": "atone.nvim",
        "type": "github"
      }
    },
    "blink": {
      "inputs": {
        "fenix": "fenix",
        "flake-parts": "flake-parts",
        "nixpkgs": "nixpkgs"
      },
      "locked": {
        "lastModified": 1775089672,
        "narHash": "sha256-wxZRm/AdeoY92OJmZRsaumE6B7tk/iB8o1rJZQelCUs=",
        "owner": "Saghen",
        "repo": "blink.cmp",
        "rev": "69b469147fd879ac30d815ecd2477b1ee9b6e2c7",
        "type": "github"
      },
      "original": {
        "owner": "Saghen",
        "repo": "blink.cmp",
        "type": "github"
      }
    },
    "blink-cmp-words_plugin": {
      "flake": false,
      "locked": {
        "lastModified": 1754443982,
        "narHash": "sha256-x4VSBDdcij4BkvIzkFnGVtJvq+ow1rTtZk9MWeTlzpE=",
        "owner": "archie-judd",
        "repo": "blink-cmp-words",
        "rev": "d6a56f532a1826b4f3aeed4d5e2fe7b8743a9244",
        "type": "github"
      },
      "original": {
        "owner": "archie-judd",
        "repo": "blink-cmp-words",
        "type": "github"
      }
    },
    "bufjump_plugin": {
      "flake": false,
      "locked": {
        "lastModified": 1714859949,
        "narHash": "sha256-K/aXbMCL/AM14faIVjNscl8eVyyfS5+LQ4X7nfqDGTU=",
        "owner": "kwkarlwang",
        "repo": "bufjump.nvim",
        "rev": "ae2728a77defbd27e9e5ef64c854fb0813ffba01",
        "type": "github"
      },
      "original": {
        "owner": "kwkarlwang",
        "repo": "bufjump.nvim",
        "type": "github"
      }
    },
    "diffview_plugin": {
      "flake": false,
      "locked": {
        "lastModified": 1718279802,
        "narHash": "sha256-SX+ybIzL/w6uyCy4iZKnWnzTFwqB1oXSgyYVAdpdKi8=",
        "owner": "sindrets",
        "repo": "diffview.nvim",
        "rev": "4516612fe98ff56ae0415a259ff6361a89419b0a",
        "type": "github"
      },
      "original": {
        "owner": "sindrets",
        "repo": "diffview.nvim",
        "type": "github"
      }
    },
    "fenix": {
      "inputs": {
        "nixpkgs": [
          "blink",
          "nixpkgs"
        ],
        "rust-analyzer-src": "rust-analyzer-src"
      },
      "locked": {
        "lastModified": 1770102568,
        "narHash": "sha256-VYwA9FmakKJ3zLfAd7bdj9xIB9PzfISLoYh6eZl+EuQ=",
        "owner": "nix-community",
        "repo": "fenix",
        "rev": "592daa37b5a3175c61541329b64d6c1972303bc1",
        "type": "github"
      },
      "original": {
        "owner": "nix-community",
        "repo": "fenix",
        "type": "github"
      }
    },
    "fidget_plugin": {
      "flake": false,
      "locked": {
        "lastModified": 1775067099,
        "narHash": "sha256-LQIqkEf6mH7LViyHKTFXm6y28/tLjxMGDP1oIHq8LkI=",
        "owner": "j-hui",
        "repo": "fidget.nvim",
        "rev": "889e2e96edef4e144965571d46f7a77bcc4d0ddf",
        "type": "github"
      },
      "original": {
        "owner": "j-hui",
        "repo": "fidget.nvim",
        "type": "github"
      }
    },
    "flake-parts": {
      "inputs": {
        "nixpkgs-lib": "nixpkgs-lib"
      },
      "locked": {
        "lastModified": 1769996383,
        "narHash": "sha256-AnYjnFWgS49RlqX7LrC4uA+sCCDBj0Ry/WOJ5XWAsa0=",
        "owner": "hercules-ci",
        "repo": "flake-parts",
        "rev": "57928607ea566b5db3ad13af0e57e921e6b12381",
        "type": "github"
      },
      "original": {
        "owner": "hercules-ci",
        "repo": "flake-parts",
        "type": "github"
      }
    },
    "fyler_plugin": {
      "flake": false,
      "locked": {
        "lastModified": 1773937340,
        "narHash": "sha256-M0lQtnS8GimXdDOrmyxFs9yhPrpe5gGiB007f7JHQ24=",
        "owner": "A7Lavinraj",
        "repo": "fyler.nvim",
        "rev": "15fabd5d8cf6ba8afb0a404878106ba5300843b1",
        "type": "github"
      },
      "original": {
        "owner": "A7Lavinraj",
        "repo": "fyler.nvim",
        "type": "github"
      }
    },
    "fzf_plugin": {
      "flake": false,
      "locked": {
        "lastModified": 1774857380,
        "narHash": "sha256-q/CNgZskq/rayxXYGo0pGsqXkxoARTL8/SakuLXhzi4=",
        "owner": "ibhagwan",
        "repo": "fzf-lua",
        "rev": "c9e7b7bfbd01f949164988ee1684035468e1995c",
        "type": "github"
      },
      "original": {
        "owner": "ibhagwan",
        "repo": "fzf-lua",
        "type": "github"
      }
    },
    "git-conflict_plugin": {
      "flake": false,
      "locked": {
        "lastModified": 1735340003,
        "narHash": "sha256-CmSgmpg5K3ySXYrDjg8yTAojeLWJdSHP8uNVFyrkNhc=",
        "owner": "akinsho",
        "repo": "git-conflict.nvim",
        "rev": "a1badcd070d176172940eb55d9d59029dad1c5a6",
        "type": "github"
      },
      "original": {
        "owner": "akinsho",
        "repo": "git-conflict.nvim",
        "type": "github"
      }
    },
    "git-magnum_plugin": {
      "flake": false,
      "locked": {
        "lastModified": 1573572500,
        "narHash": "sha256-dLZRR6B94+DoUlRHM24XmPV+iBlMDxDaj+GSOuStkrs=",
        "owner": "glts",
        "repo": "vim-magnum",
        "rev": "7a30761b935d72bada5bbe90162a6afdb77c858d",
        "type": "github"
      },
      "original": {
        "owner": "glts",
        "repo": "vim-magnum",
        "type": "github"
      }
    },
    "git-radical_plugin": {
      "flake": false,
      "locked": {
        "lastModified": 1711391667,
        "narHash": "sha256-OjYr+PhqjELQuX+b4HiDkfYpTBXeP0vlDrCHe3S7RAs=",
        "owner": "glts",
        "repo": "vim-radical",
        "rev": "aca8992a25d317a4c6fa42e263e8506ea3e355d8",
        "type": "github"
      },
      "original": {
        "owner": "glts",
        "repo": "vim-radical",
        "type": "github"
      }
    },
    "git-signs_plugin": {
      "flake": false,
      "locked": {
        "lastModified": 1775006137,
        "narHash": "sha256-KD2QRptPDOL7n1ueTXWZ0tZ4z82vhk/1TGeH/Mwy8DI=",
        "owner": "lewis6991",
        "repo": "gitsigns.nvim",
        "rev": "0f00d07c2c3106ba6abd594ac1c17f211141b7b5",
        "type": "github"
      },
      "original": {
        "owner": "lewis6991",
        "repo": "gitsigns.nvim",
        "type": "github"
      }
    },
    "indent-blankline_plugin": {
      "flake": false,
      "locked": {
        "lastModified": 1771288550,
        "narHash": "sha256-Vc79ff416uJFqKH8zlM1y208SxaQGpQPqGVbiz5Vflg=",
        "owner": "lukas-reineke",
        "repo": "indent-blankline.nvim",
        "rev": "d28a3f70721c79e3c5f6693057ae929f3d9c0a03",
        "type": "github"
      },
      "original": {
        "owner": "lukas-reineke",
        "repo": "indent-blankline.nvim",
        "type": "github"
      }
    },
    "lualine_plugin": {
      "flake": false,
      "locked": {
        "lastModified": 1763865090,
        "narHash": "sha256-OpLZH+sL5cj2rcP5/T+jDOnuxd1QWLHCt2RzloffZOA=",
        "owner": "nvim-lualine",
        "repo": "lualine.nvim",
        "rev": "47f91c416daef12db467145e16bed5bbfe00add8",
        "type": "github"
      },
      "original": {
        "owner": "nvim-lualine",
        "repo": "lualine.nvim",
        "type": "github"
      }
    },
    "luasnip_plugin": {
      "flake": false,
      "locked": {
        "lastModified": 1774090726,
        "narHash": "sha256-diZO1on0rlSp6XuNGN2lNa85rhkNe1QQOejJD+LKkZk=",
        "owner": "L3MON4D3",
        "repo": "LuaSnip",
        "rev": "642b0c595e11608b4c18219e93b88d7637af27bc",
        "type": "github"
      },
      "original": {
        "owner": "L3MON4D3",
        "repo": "LuaSnip",
        "type": "github"
      }
    },
    "markview_plugin": {
      "flake": false,
      "locked": {
        "lastModified": 1774017863,
        "narHash": "sha256-T6ZVy7o9sSGa2vOolvmL7KO3cXkyEwJ9F4n6BbWdPGk=",
        "owner": "OXY2DEV",
        "repo": "markview.nvim",
        "rev": "1861f959599ae03cfd59f56222a542035b0cd947",
        "type": "github"
      },
      "original": {
        "owner": "OXY2DEV",
        "repo": "markview.nvim",
        "type": "github"
      }
    },
    "mdeval_plugin": {
      "flake": false,
      "locked": {
        "lastModified": 1750143886,
        "narHash": "sha256-U+PPT7I8UOGtBxLN1zhYWglKwnZNiXIpb+u9/0FgESk=",
        "owner": "jeansidharta",
        "repo": "mdeval.nvim",
        "rev": "19d7ab577c5afbd8dbe4ab38d2f933437c9237bc",
        "type": "github"
      },
      "original": {
        "owner": "jeansidharta",
        "repo": "mdeval.nvim",
        "type": "github"
      }
    },
    "mini-icons_plugin": {
      "flake": false,
      "locked": {
        "lastModified": 1771689576,
        "narHash": "sha256-Tmf/KjoWM8MZmbwNYSPb87grdgtqNN8q3uz3hO9AyE4=",
        "owner": "echasnovski",
        "repo": "mini.icons",
        "rev": "5b9076dae1bfbe47ba4a14bc8b967cde0ab5d77e",
        "type": "github"
      },
      "original": {
        "owner": "echasnovski",
        "repo": "mini.icons",
        "type": "github"
      }
    },
    "neovim-dap_plugin": {
      "flake": false,
      "locked": {
        "lastModified": 1774520032,
        "narHash": "sha256-H3LML3FgqvD4xI4IljAp2E3dxAdFx/As+nzjC+jPzyc=",
        "owner": "mfussenegger",
        "repo": "nvim-dap",
        "rev": "4f5deb110d9ff8994d96c21df95e2271d11214f9",
        "type": "github"
      },
      "original": {
        "owner": "mfussenegger",
        "repo": "nvim-dap",
        "type": "github"
      }
    },
    "nixpkgs": {
      "locked": {
        "lastModified": 1770107345,
        "narHash": "sha256-tbS0Ebx2PiA1FRW8mt8oejR0qMXmziJmPaU1d4kYY9g=",
        "owner": "nixos",
        "repo": "nixpkgs",
        "rev": "4533d9293756b63904b7238acb84ac8fe4c8c2c4",
        "type": "github"
      },
      "original": {
        "owner": "nixos",
        "ref": "nixpkgs-unstable",
        "repo": "nixpkgs",
        "type": "github"
      }
    },
    "nixpkgs-lib": {
      "locked": {
        "lastModified": 1769909678,
        "narHash": "sha256-cBEymOf4/o3FD5AZnzC3J9hLbiZ+QDT/KDuyHXVJOpM=",
        "owner": "nix-community",
        "repo": "nixpkgs.lib",
        "rev": "72716169fe93074c333e8d0173151350670b824c",
        "type": "github"
      },
      "original": {
        "owner": "nix-community",
        "repo": "nixpkgs.lib",
        "type": "github"
      }
    },
    "nixpkgs_2": {
      "locked": {
        "lastModified": 1775036866,
        "narHash": "sha256-ZojAnPuCdy657PbTq5V0Y+AHKhZAIwSIT2cb8UgAz/U=",
        "owner": "nixos",
        "repo": "nixpkgs",
        "rev": "6201e203d09599479a3b3450ed24fa81537ebc4e",
        "type": "github"
      },
      "original": {
        "owner": "nixos",
        "ref": "nixos-unstable",
        "repo": "nixpkgs",
        "type": "github"
      }
    },
    "none-ls_plugin": {
      "flake": false,
      "locked": {
        "lastModified": 1773163817,
        "narHash": "sha256-PmDYh9VqfpxNzIepTiNzXKrighUN9e6Ug5pCD3XCGd4=",
        "owner": "nvimtools",
        "repo": "none-ls.nvim",
        "rev": "c9317c2a8629d4e39e7cf47be74cb67f3ab37cda",
        "type": "github"
      },
      "original": {
        "owner": "nvimtools",
        "repo": "none-ls.nvim",
        "type": "github"
      }
    },
    "nvim-colorizer_plugin": {
      "flake": false,
      "locked": {
        "lastModified": 1774610549,
        "narHash": "sha256-gB40s09NNw9sc42J6dcxCXNQXbB2K3gJ8rDFq4eSTzs=",
        "owner": "catgoose",
        "repo": "nvim-colorizer.lua",
        "rev": "c8c2c19436d33165ec34fa90c975bc0a739fe3fb",
        "type": "github"
      },
      "original": {
        "owner": "catgoose",
        "repo": "nvim-colorizer.lua",
        "type": "github"
      }
    },
    "nvim-illuminate_plugin": {
      "flake": false,
      "locked": {
        "lastModified": 1748105647,
        "narHash": "sha256-KqAJRCtDBG5xsvNsqkxoBdDckg02u4NBBreYQw7BphA=",
        "owner": "RRethy",
        "repo": "vim-illuminate",
        "rev": "0d1e93684da00ab7c057410fecfc24f434698898",
        "type": "github"
      },
      "original": {
        "owner": "RRethy",
        "repo": "vim-illuminate",
        "type": "github"
      }
    },
    "nvim-lspconfig_plugin": {
      "flake": false,
      "locked": {
        "lastModified": 1774992054,
        "narHash": "sha256-u3Ggo1HaSqFNtQjKe/7n3MR9fjfCukuNr8966wNtixo=",
        "owner": "neovim",
        "repo": "nvim-lspconfig",
        "rev": "8e2084bf5e40c79c1f42210a6ef96a0a4793a763",
        "type": "github"
      },
      "original": {
        "owner": "neovim",
        "repo": "nvim-lspconfig",
        "type": "github"
      }
    },
    "nvim-notify_plugin": {
      "flake": false,
      "locked": {
        "lastModified": 1757190131,
        "narHash": "sha256-h7STMjY+CBTqBkIDJXgtJz4WhNeQ02ES2Jesi3jZXeM=",
        "owner": "rcarriga",
        "repo": "nvim-notify",
        "rev": "8701bece920b38ea289b457f902e2ad184131a5d",
        "type": "github"
      },
      "original": {
        "owner": "rcarriga",
        "repo": "nvim-notify",
        "type": "github"
      }
    },
    "nvim-web-devicons_plugin": {
      "flake": false,
      "locked": {
        "lastModified": 1773189740,
        "narHash": "sha256-KgodVxZaBcGN8D/2+R/8kXD7VWXJtz1+pMSTvlCJ7dM=",
        "owner": "nvim-tree",
        "repo": "nvim-web-devicons",
        "rev": "d7462543c9e366c0d196c7f67a945eaaf5d99414",
        "type": "github"
      },
      "original": {
        "owner": "nvim-tree",
        "repo": "nvim-web-devicons",
        "type": "github"
      }
    },
    "outline_plugin": {
      "flake": false,
      "locked": {
        "lastModified": 1774765875,
        "narHash": "sha256-xKu05IgOpgtt2W+WqXuTUjX66ffDrU8BDi8z7M6M1q4=",
        "owner": "hedyhli",
        "repo": "outline.nvim",
        "rev": "c293eb56db880a0539bf9d85b4a27816960b863e",
        "type": "github"
      },
      "original": {
        "owner": "hedyhli",
        "repo": "outline.nvim",
        "type": "github"
      }
    },
    "plenary_plugin": {
      "flake": false,
      "locked": {
        "lastModified": 1753570668,
        "narHash": "sha256-9Un7ekhBxcnmFE1xjCCFTZ7eqIbmXvQexpnhduAg4M0=",
        "owner": "nvim-lua",
        "repo": "plenary.nvim",
        "rev": "b9fd5226c2f76c951fc8ed5923d85e4de065e509",
        "type": "github"
      },
      "original": {
        "owner": "nvim-lua",
        "repo": "plenary.nvim",
        "type": "github"
      }
    },
    "root": {
      "inputs": {
        "attone_plugin": "attone_plugin",
        "blink": "blink",
        "blink-cmp-words_plugin": "blink-cmp-words_plugin",
        "bufjump_plugin": "bufjump_plugin",
        "diffview_plugin": "diffview_plugin",
        "fidget_plugin": "fidget_plugin",
        "fyler_plugin": "fyler_plugin",
        "fzf_plugin": "fzf_plugin",
        "git-conflict_plugin": "git-conflict_plugin",
        "git-magnum_plugin": "git-magnum_plugin",
        "git-radical_plugin": "git-radical_plugin",
        "git-signs_plugin": "git-signs_plugin",
        "indent-blankline_plugin": "indent-blankline_plugin",
        "lualine_plugin": "lualine_plugin",
        "luasnip_plugin": "luasnip_plugin",
        "markview_plugin": "markview_plugin",
        "mdeval_plugin": "mdeval_plugin",
        "mini-icons_plugin": "mini-icons_plugin",
        "neovim-dap_plugin": "neovim-dap_plugin",
        "nixpkgs": "nixpkgs_2",
        "none-ls_plugin": "none-ls_plugin",
        "nvim-colorizer_plugin": "nvim-colorizer_plugin",
        "nvim-illuminate_plugin": "nvim-illuminate_plugin",
        "nvim-lspconfig_plugin": "nvim-lspconfig_plugin",
        "nvim-notify_plugin": "nvim-notify_plugin",
        "nvim-web-devicons_plugin": "nvim-web-devicons_plugin",
        "outline_plugin": "outline_plugin",
        "plenary_plugin": "plenary_plugin",
        "silkcircuit_plugin": "silkcircuit_plugin",
        "snacks_plugin": "snacks_plugin",
        "theme": "theme",
        "treesitter_plugin": "treesitter_plugin",
        "various-textobjs_plugin": "various-textobjs_plugin",
        "zk-nvim_plugin": "zk-nvim_plugin"
      }
    },
    "rust-analyzer-src": {
      "flake": false,
      "locked": {
        "lastModified": 1770026591,
        "narHash": "sha256-VZlloygYDmozJwbZZkCSNpiPhNdOW/AA0b6LmNBZ3xU=",
        "owner": "rust-lang",
        "repo": "rust-analyzer",
        "rev": "74eca73f3b0a41b80228b8e499c7547cc8b2effa",
        "type": "github"
      },
      "original": {
        "owner": "rust-lang",
        "ref": "nightly",
        "repo": "rust-analyzer",
        "type": "github"
      }
    },
    "silkcircuit_plugin": {
      "flake": false,
      "locked": {
        "lastModified": 1774157017,
        "narHash": "sha256-GQb8oQ92fYc62LgtWALclib0Lyx9+b1mToFcEmbBbGw=",
        "owner": "hyperb1iss",
        "repo": "silkcircuit-nvim",
        "rev": "59a54ee096ec5e571084c27809c6a8458663fe4a",
        "type": "github"
      },
      "original": {
        "owner": "hyperb1iss",
        "repo": "silkcircuit-nvim",
        "type": "github"
      }
    },
    "snacks_plugin": {
      "flake": false,
      "locked": {
        "lastModified": 1774083139,
        "narHash": "sha256-7lDH1JlTM+H/LWjMlAQPNY6A+xmS/cp+wChy4buGYIU=",
        "owner": "folke",
        "repo": "snacks.nvim",
        "rev": "ad9ede6a9cddf16cedbd31b8932d6dcdee9b716e",
        "type": "github"
      },
      "original": {
        "owner": "folke",
        "repo": "snacks.nvim",
        "type": "github"
      }
    },
    "theme": {
      "locked": {
        "dir": "theming",
        "lastModified": 1774834666,
        "narHash": "sha256-dhYLJI9b0dCcYkT9HFPI/kMpin7ZgH/30SVRb2rYbho=",
        "owner": "jeansidharta",
        "repo": "configuration.nix",
        "rev": "0bbd42067f740fca3efb39cc553d34e560a422e8",
        "type": "github"
      },
      "original": {
        "dir": "theming",
        "owner": "jeansidharta",
        "repo": "configuration.nix",
        "type": "github"
      }
    },
    "treesitter_plugin": {
      "flake": false,
      "locked": {
        "lastModified": 1775048343,
        "narHash": "sha256-FjX1ncba4/L+n3xFT570fjZ1PLi50VJtjBGXWH7bNOc=",
        "owner": "nvim-treesitter",
        "repo": "nvim-treesitter",
        "rev": "c82bf96f0a773d85304feeb695e1e23b2207ac35",
        "type": "github"
      },
      "original": {
        "owner": "nvim-treesitter",
        "repo": "nvim-treesitter",
        "type": "github"
      }
    },
    "various-textobjs_plugin": {
      "flake": false,
      "locked": {
        "lastModified": 1770718450,
        "narHash": "sha256-hCdnCKm8F1ysOKY73C4jxfwGs6KvRTyWfaBn90SDoI0=",
        "owner": "chrisgrieser",
        "repo": "nvim-various-textobjs",
        "rev": "34ca4f6b54cf167554c5792cacc69c930b654136",
        "type": "github"
      },
      "original": {
        "owner": "chrisgrieser",
        "repo": "nvim-various-textobjs",
        "type": "github"
      }
    },
    "zk-nvim_plugin": {
      "flake": false,
      "locked": {
        "lastModified": 1773412558,
        "narHash": "sha256-W5cSp/RFbUaGhtvfowaCASfOa0mrqfxxRGR23Bt07FQ=",
        "owner": "zk-org",
        "repo": "zk-nvim",
        "rev": "dea1ee6cd6d07568c92ea8353063d4d85c58a964",
        "type": "github"
      },
      "original": {
        "owner": "zk-org",
        "repo": "zk-nvim",
        "type": "github"
      }
    }
  },
  "root": "root",
  "version": 7
}
