{
  "nodes": {
    "attone_plugin": {
      "flake": false,
      "locked": {
        "lastModified": 1763096453,
        "narHash": "sha256-1/scPTclNcXOKCVjAuve/wV88zIKIWeb5ul3Jb/9+xg=",
        "owner": "XXiaoA",
        "repo": "atone.nvim",
        "rev": "d1c1f08bfe23ac56536d0091c8a398938ee9db4e",
        "type": "github"
      },
      "original": {
        "owner": "XXiaoA",
        "repo": "atone.nvim",
        "type": "github"
      }
    },
    "blink": {
      "inputs": {
        "fenix": "fenix",
        "flake-parts": "flake-parts",
        "nixpkgs": "nixpkgs"
      },
      "locked": {
        "lastModified": 1771097588,
        "narHash": "sha256-CfEGRNqj206bDy99SLNVgOlGmrjjmciyCv0/mZjC09c=",
        "owner": "Saghen",
        "repo": "blink.cmp",
        "rev": "cd79f572971c58784ca72551af29af3a63da9168",
        "type": "github"
      },
      "original": {
        "owner": "Saghen",
        "repo": "blink.cmp",
        "type": "github"
      }
    },
    "blink-cmp-words_plugin": {
      "flake": false,
      "locked": {
        "lastModified": 1754443982,
        "narHash": "sha256-x4VSBDdcij4BkvIzkFnGVtJvq+ow1rTtZk9MWeTlzpE=",
        "owner": "archie-judd",
        "repo": "blink-cmp-words",
        "rev": "d6a56f532a1826b4f3aeed4d5e2fe7b8743a9244",
        "type": "github"
      },
      "original": {
        "owner": "archie-judd",
        "repo": "blink-cmp-words",
        "type": "github"
      }
    },
    "bufjump_plugin": {
      "flake": false,
      "locked": {
        "lastModified": 1714859949,
        "narHash": "sha256-K/aXbMCL/AM14faIVjNscl8eVyyfS5+LQ4X7nfqDGTU=",
        "owner": "kwkarlwang",
        "repo": "bufjump.nvim",
        "rev": "ae2728a77defbd27e9e5ef64c854fb0813ffba01",
        "type": "github"
      },
      "original": {
        "owner": "kwkarlwang",
        "repo": "bufjump.nvim",
        "type": "github"
      }
    },
    "fenix": {
      "inputs": {
        "nixpkgs": [
          "blink",
          "nixpkgs"
        ],
        "rust-analyzer-src": "rust-analyzer-src"
      },
      "locked": {
        "lastModified": 1770102568,
        "narHash": "sha256-VYwA9FmakKJ3zLfAd7bdj9xIB9PzfISLoYh6eZl+EuQ=",
        "owner": "nix-community",
        "repo": "fenix",
        "rev": "592daa37b5a3175c61541329b64d6c1972303bc1",
        "type": "github"
      },
      "original": {
        "owner": "nix-community",
        "repo": "fenix",
        "type": "github"
      }
    },
    "fidget_plugin": {
      "flake": false,
      "locked": {
        "lastModified": 1768329414,
        "narHash": "sha256-Zap4UVicIvCaPqCMgdlnEAGbMzq1xM4uGpVqZL1iju0=",
        "owner": "j-hui",
        "repo": "fidget.nvim",
        "rev": "7fa433a83118a70fe24c1ce88d5f0bd3453c0970",
        "type": "github"
      },
      "original": {
        "owner": "j-hui",
        "repo": "fidget.nvim",
        "type": "github"
      }
    },
    "flake-parts": {
      "inputs": {
        "nixpkgs-lib": "nixpkgs-lib"
      },
      "locked": {
        "lastModified": 1769996383,
        "narHash": "sha256-AnYjnFWgS49RlqX7LrC4uA+sCCDBj0Ry/WOJ5XWAsa0=",
        "owner": "hercules-ci",
        "repo": "flake-parts",
        "rev": "57928607ea566b5db3ad13af0e57e921e6b12381",
        "type": "github"
      },
      "original": {
        "owner": "hercules-ci",
        "repo": "flake-parts",
        "type": "github"
      }
    },
    "fyler_plugin": {
      "flake": false,
      "locked": {
        "lastModified": 1771058565,
        "narHash": "sha256-3dJyB3kw8D64r+5efQ3nGIsVEmDPQ9yKdLWA28M4SeQ=",
        "owner": "A7Lavinraj",
        "repo": "fyler.nvim",
        "rev": "452b0938fdd43a4c29ef7a75e77fcf2d288cc291",
        "type": "github"
      },
      "original": {
        "owner": "A7Lavinraj",
        "repo": "fyler.nvim",
        "type": "github"
      }
    },
    "git-conflict_plugin": {
      "flake": false,
      "locked": {
        "lastModified": 1735340003,
        "narHash": "sha256-CmSgmpg5K3ySXYrDjg8yTAojeLWJdSHP8uNVFyrkNhc=",
        "owner": "akinsho",
        "repo": "git-conflict.nvim",
        "rev": "a1badcd070d176172940eb55d9d59029dad1c5a6",
        "type": "github"
      },
      "original": {
        "owner": "akinsho",
        "repo": "git-conflict.nvim",
        "type": "github"
      }
    },
    "git-magnum_plugin": {
      "flake": false,
      "locked": {
        "lastModified": 1573572500,
        "narHash": "sha256-dLZRR6B94+DoUlRHM24XmPV+iBlMDxDaj+GSOuStkrs=",
        "owner": "glts",
        "repo": "vim-magnum",
        "rev": "7a30761b935d72bada5bbe90162a6afdb77c858d",
        "type": "github"
      },
      "original": {
        "owner": "glts",
        "repo": "vim-magnum",
        "type": "github"
      }
    },
    "git-radical_plugin": {
      "flake": false,
      "locked": {
        "lastModified": 1711391667,
        "narHash": "sha256-OjYr+PhqjELQuX+b4HiDkfYpTBXeP0vlDrCHe3S7RAs=",
        "owner": "glts",
        "repo": "vim-radical",
        "rev": "aca8992a25d317a4c6fa42e263e8506ea3e355d8",
        "type": "github"
      },
      "original": {
        "owner": "glts",
        "repo": "vim-radical",
        "type": "github"
      }
    },
    "git-signs_plugin": {
      "flake": false,
      "locked": {
        "lastModified": 1770982544,
        "narHash": "sha256-8QF1pKMaWihW2N6WTy487LChTlg8LKNbDPLaeJv/VWw=",
        "owner": "lewis6991",
        "repo": "gitsigns.nvim",
        "rev": "9f3c6dd7868bcc116e9c1c1929ce063b978fa519",
        "type": "github"
      },
      "original": {
        "owner": "lewis6991",
        "repo": "gitsigns.nvim",
        "type": "github"
      }
    },
    "indent-blankline_plugin": {
      "flake": false,
      "locked": {
        "lastModified": 1771288550,
        "narHash": "sha256-Vc79ff416uJFqKH8zlM1y208SxaQGpQPqGVbiz5Vflg=",
        "owner": "lukas-reineke",
        "repo": "indent-blankline.nvim",
        "rev": "d28a3f70721c79e3c5f6693057ae929f3d9c0a03",
        "type": "github"
      },
      "original": {
        "owner": "lukas-reineke",
        "repo": "indent-blankline.nvim",
        "type": "github"
      }
    },
    "lualine_plugin": {
      "flake": false,
      "locked": {
        "lastModified": 1763865090,
        "narHash": "sha256-OpLZH+sL5cj2rcP5/T+jDOnuxd1QWLHCt2RzloffZOA=",
        "owner": "nvim-lualine",
        "repo": "lualine.nvim",
        "rev": "47f91c416daef12db467145e16bed5bbfe00add8",
        "type": "github"
      },
      "original": {
        "owner": "nvim-lualine",
        "repo": "lualine.nvim",
        "type": "github"
      }
    },
    "luasnip_plugin": {
      "flake": false,
      "locked": {
        "lastModified": 1768781124,
        "narHash": "sha256-3beTsZPT2EwzAVhEzqNhFRnDAU7C7GlzFFymY3aNp9M=",
        "owner": "L3MON4D3",
        "repo": "LuaSnip",
        "rev": "dae4f5aaa3574bd0c2b9dd20fb9542a02c10471c",
        "type": "github"
      },
      "original": {
        "owner": "L3MON4D3",
        "repo": "LuaSnip",
        "type": "github"
      }
    },
    "markview_plugin": {
      "flake": false,
      "locked": {
        "lastModified": 1770046186,
        "narHash": "sha256-aArWqxqbBHDyTaMY6hXwxXoFf8l/j7yOJYKunxO7kis=",
        "owner": "OXY2DEV",
        "repo": "markview.nvim",
        "rev": "9e852c299351fc2110e763edc7fc899358ee112e",
        "type": "github"
      },
      "original": {
        "owner": "OXY2DEV",
        "repo": "markview.nvim",
        "type": "github"
      }
    },
    "mdeval_plugin": {
      "flake": false,
      "locked": {
        "lastModified": 1750143886,
        "narHash": "sha256-U+PPT7I8UOGtBxLN1zhYWglKwnZNiXIpb+u9/0FgESk=",
        "owner": "jeansidharta",
        "repo": "mdeval.nvim",
        "rev": "19d7ab577c5afbd8dbe4ab38d2f933437c9237bc",
        "type": "github"
      },
      "original": {
        "owner": "jeansidharta",
        "repo": "mdeval.nvim",
        "type": "github"
      }
    },
    "mini-icons_plugin": {
      "flake": false,
      "locked": {
        "lastModified": 1771005401,
        "narHash": "sha256-gH2Bm5y2msznHEpngZJWrFaYfPqgs8IUauZm9STQKOE=",
        "owner": "echasnovski",
        "repo": "mini.icons",
        "rev": "68c178e0958d95b3977a771f3445429b1bded985",
        "type": "github"
      },
      "original": {
        "owner": "echasnovski",
        "repo": "mini.icons",
        "type": "github"
      }
    },
    "neoclip_plugin": {
      "flake": false,
      "locked": {
        "lastModified": 1739108756,
        "narHash": "sha256-IjkpqLHGO48QRiYkELyadZK2uFXQVyklGfBJSgAbzIY=",
        "owner": "AckslD",
        "repo": "nvim-neoclip.lua",
        "rev": "831a97c7697736411a05ff8b91e8798ea4c2d6fb",
        "type": "github"
      },
      "original": {
        "owner": "AckslD",
        "repo": "nvim-neoclip.lua",
        "type": "github"
      }
    },
    "neovim-dap_plugin": {
      "flake": false,
      "locked": {
        "lastModified": 1770817805,
        "narHash": "sha256-fKY/DlEesooRRp1lLsoUleIyKBFj3H/9gelXYMaKwpc=",
        "owner": "mfussenegger",
        "repo": "nvim-dap",
        "rev": "db321947bb289a2d4d76a32e76e4d2bd6103d7df",
        "type": "github"
      },
      "original": {
        "owner": "mfussenegger",
        "repo": "nvim-dap",
        "type": "github"
      }
    },
    "nixpkgs": {
      "locked": {
        "lastModified": 1770107345,
        "narHash": "sha256-tbS0Ebx2PiA1FRW8mt8oejR0qMXmziJmPaU1d4kYY9g=",
        "owner": "nixos",
        "repo": "nixpkgs",
        "rev": "4533d9293756b63904b7238acb84ac8fe4c8c2c4",
        "type": "github"
      },
      "original": {
        "owner": "nixos",
        "ref": "nixpkgs-unstable",
        "repo": "nixpkgs",
        "type": "github"
      }
    },
    "nixpkgs-lib": {
      "locked": {
        "lastModified": 1769909678,
        "narHash": "sha256-cBEymOf4/o3FD5AZnzC3J9hLbiZ+QDT/KDuyHXVJOpM=",
        "owner": "nix-community",
        "repo": "nixpkgs.lib",
        "rev": "72716169fe93074c333e8d0173151350670b824c",
        "type": "github"
      },
      "original": {
        "owner": "nix-community",
        "repo": "nixpkgs.lib",
        "type": "github"
      }
    },
    "nixpkgs_2": {
      "locked": {
        "lastModified": 1771369470,
        "narHash": "sha256-0NBlEBKkN3lufyvFegY4TYv5mCNHbi5OmBDrzihbBMQ=",
        "owner": "nixos",
        "repo": "nixpkgs",
        "rev": "0182a361324364ae3f436a63005877674cf45efb",
        "type": "github"
      },
      "original": {
        "owner": "nixos",
        "ref": "nixos-unstable",
        "repo": "nixpkgs",
        "type": "github"
      }
    },
    "none-ls_plugin": {
      "flake": false,
      "locked": {
        "lastModified": 1771286386,
        "narHash": "sha256-x/x3eQwc9HrdYvpqOkvhiXvO6i/NbutFrAPGl2VcVkY=",
        "owner": "nvimtools",
        "repo": "none-ls.nvim",
        "rev": "f61f46ded0ca9edce7a09b674f8e162d10921426",
        "type": "github"
      },
      "original": {
        "owner": "nvimtools",
        "repo": "none-ls.nvim",
        "type": "github"
      }
    },
    "nvim-colorizer_plugin": {
      "flake": false,
      "locked": {
        "lastModified": 1769895105,
        "narHash": "sha256-gQnWyUVE4iXvliUSy8Cig1Ov4iMCP1UmCFIskZ6nijQ=",
        "owner": "catgoose",
        "repo": "nvim-colorizer.lua",
        "rev": "338409dd8a6ed74767bad3eb5269f1b903ffb3cf",
        "type": "github"
      },
      "original": {
        "owner": "catgoose",
        "repo": "nvim-colorizer.lua",
        "type": "github"
      }
    },
    "nvim-illuminate_plugin": {
      "flake": false,
      "locked": {
        "lastModified": 1748105647,
        "narHash": "sha256-KqAJRCtDBG5xsvNsqkxoBdDckg02u4NBBreYQw7BphA=",
        "owner": "RRethy",
        "repo": "vim-illuminate",
        "rev": "0d1e93684da00ab7c057410fecfc24f434698898",
        "type": "github"
      },
      "original": {
        "owner": "RRethy",
        "repo": "vim-illuminate",
        "type": "github"
      }
    },
    "nvim-lspconfig_plugin": {
      "flake": false,
      "locked": {
        "lastModified": 1770931165,
        "narHash": "sha256-vyKacUFSZ0zJBkVqttDybvatxV9fKRUMPZLpak52//k=",
        "owner": "neovim",
        "repo": "nvim-lspconfig",
        "rev": "44acfe887d4056f704ccc4f17513ed41c9e2b2e6",
        "type": "github"
      },
      "original": {
        "owner": "neovim",
        "repo": "nvim-lspconfig",
        "type": "github"
      }
    },
    "nvim-notify_plugin": {
      "flake": false,
      "locked": {
        "lastModified": 1757190131,
        "narHash": "sha256-h7STMjY+CBTqBkIDJXgtJz4WhNeQ02ES2Jesi3jZXeM=",
        "owner": "rcarriga",
        "repo": "nvim-notify",
        "rev": "8701bece920b38ea289b457f902e2ad184131a5d",
        "type": "github"
      },
      "original": {
        "owner": "rcarriga",
        "repo": "nvim-notify",
        "type": "github"
      }
    },
    "nvim-web-devicons_plugin": {
      "flake": false,
      "locked": {
        "lastModified": 1770191286,
        "narHash": "sha256-jXWBPcfLwSkWQ/eRbxVDWC7kFOODSsCRmzC3rHKQLhQ=",
        "owner": "nvim-tree",
        "repo": "nvim-web-devicons",
        "rev": "746ffbb17975ebd6c40142362eee1b0249969c5c",
        "type": "github"
      },
      "original": {
        "owner": "nvim-tree",
        "repo": "nvim-web-devicons",
        "type": "github"
      }
    },
    "outline_plugin": {
      "flake": false,
      "locked": {
        "lastModified": 1769828855,
        "narHash": "sha256-+jN6VV7McqszRLHPx7sYme2mq3BzaOr5IOHbF+uZPrc=",
        "owner": "hedyhli",
        "repo": "outline.nvim",
        "rev": "ead1820d49c8e79ce89cab1c2c318981b695c9d2",
        "type": "github"
      },
      "original": {
        "owner": "hedyhli",
        "repo": "outline.nvim",
        "type": "github"
      }
    },
    "overseer_plugin": {
      "flake": false,
      "locked": {
        "lastModified": 1770788174,
        "narHash": "sha256-uKNWDCjdhevNqu7+1JJ/b/EJCuXATocmi+aAhtGm7XQ=",
        "owner": "stevearc",
        "repo": "overseer.nvim",
        "rev": "392093e610333c0aea89bf43de7362e25783eada",
        "type": "github"
      },
      "original": {
        "owner": "stevearc",
        "repo": "overseer.nvim",
        "type": "github"
      }
    },
    "plenary_plugin": {
      "flake": false,
      "locked": {
        "lastModified": 1753570668,
        "narHash": "sha256-9Un7ekhBxcnmFE1xjCCFTZ7eqIbmXvQexpnhduAg4M0=",
        "owner": "nvim-lua",
        "repo": "plenary.nvim",
        "rev": "b9fd5226c2f76c951fc8ed5923d85e4de065e509",
        "type": "github"
      },
      "original": {
        "owner": "nvim-lua",
        "repo": "plenary.nvim",
        "type": "github"
      }
    },
    "root": {
      "inputs": {
        "attone_plugin": "attone_plugin",
        "blink": "blink",
        "blink-cmp-words_plugin": "blink-cmp-words_plugin",
        "bufjump_plugin": "bufjump_plugin",
        "fidget_plugin": "fidget_plugin",
        "fyler_plugin": "fyler_plugin",
        "git-conflict_plugin": "git-conflict_plugin",
        "git-magnum_plugin": "git-magnum_plugin",
        "git-radical_plugin": "git-radical_plugin",
        "git-signs_plugin": "git-signs_plugin",
        "indent-blankline_plugin": "indent-blankline_plugin",
        "lualine_plugin": "lualine_plugin",
        "luasnip_plugin": "luasnip_plugin",
        "markview_plugin": "markview_plugin",
        "mdeval_plugin": "mdeval_plugin",
        "mini-icons_plugin": "mini-icons_plugin",
        "neoclip_plugin": "neoclip_plugin",
        "neovim-dap_plugin": "neovim-dap_plugin",
        "nixpkgs": "nixpkgs_2",
        "none-ls_plugin": "none-ls_plugin",
        "nvim-colorizer_plugin": "nvim-colorizer_plugin",
        "nvim-illuminate_plugin": "nvim-illuminate_plugin",
        "nvim-lspconfig_plugin": "nvim-lspconfig_plugin",
        "nvim-notify_plugin": "nvim-notify_plugin",
        "nvim-web-devicons_plugin": "nvim-web-devicons_plugin",
        "outline_plugin": "outline_plugin",
        "overseer_plugin": "overseer_plugin",
        "plenary_plugin": "plenary_plugin",
        "silkcircuit_plugin": "silkcircuit_plugin",
        "snacks_plugin": "snacks_plugin",
        "sqlite_plugin": "sqlite_plugin",
        "substitute_plugin": "substitute_plugin",
        "telescope_plugin": "telescope_plugin",
        "theme": "theme",
        "treesitter_plugin": "treesitter_plugin",
        "various-textobjs_plugin": "various-textobjs_plugin",
        "zk-nvim_plugin": "zk-nvim_plugin"
      }
    },
    "rust-analyzer-src": {
      "flake": false,
      "locked": {
        "lastModified": 1770026591,
        "narHash": "sha256-VZlloygYDmozJwbZZkCSNpiPhNdOW/AA0b6LmNBZ3xU=",
        "owner": "rust-lang",
        "repo": "rust-analyzer",
        "rev": "74eca73f3b0a41b80228b8e499c7547cc8b2effa",
        "type": "github"
      },
      "original": {
        "owner": "rust-lang",
        "ref": "nightly",
        "repo": "rust-analyzer",
        "type": "github"
      }
    },
    "silkcircuit_plugin": {
      "flake": false,
      "locked": {
        "lastModified": 1765351444,
        "narHash": "sha256-PZ5NvgLOznHBU997Q52HnLshT8Gc+t0ZhSeWKyuMmo0=",
        "owner": "hyperb1iss",
        "repo": "silkcircuit-nvim",
        "rev": "c6711f8ecdf75d8efb2da0317c4a291522343203",
        "type": "github"
      },
      "original": {
        "owner": "hyperb1iss",
        "repo": "silkcircuit-nvim",
        "type": "github"
      }
    },
    "snacks_plugin": {
      "flake": false,
      "locked": {
        "lastModified": 1763464072,
        "narHash": "sha256-vRedYg29QGPGW0hOX9qbRSIImh1d/SoDZHImDF2oqKM=",
        "owner": "folke",
        "repo": "snacks.nvim",
        "rev": "fe7cfe9800a182274d0f868a74b7263b8c0c020b",
        "type": "github"
      },
      "original": {
        "owner": "folke",
        "repo": "snacks.nvim",
        "type": "github"
      }
    },
    "sqlite_plugin": {
      "flake": false,
      "locked": {
        "lastModified": 1741959551,
        "narHash": "sha256-u6Mo+3hg3miqR4EmsoGZhajxiIk24+y5N+YdNW36/JQ=",
        "owner": "kkharji",
        "repo": "sqlite.lua",
        "rev": "50092d60feb242602d7578398c6eb53b4a8ffe7b",
        "type": "github"
      },
      "original": {
        "owner": "kkharji",
        "repo": "sqlite.lua",
        "type": "github"
      }
    },
    "substitute_plugin": {
      "flake": false,
      "locked": {
        "lastModified": 1771324844,
        "narHash": "sha256-t3wgyUtHab0erJkA7kUOGvbyHTzMmWlNE5WNtjDZL0g=",
        "owner": "gbprod",
        "repo": "substitute.nvim",
        "rev": "0d2077398552f069abccbd964a26dd7cd26882cd",
        "type": "github"
      },
      "original": {
        "owner": "gbprod",
        "repo": "substitute.nvim",
        "type": "github"
      }
    },
    "telescope_plugin": {
      "flake": false,
      "locked": {
        "lastModified": 1771233889,
        "narHash": "sha256-dOU6nQaq4W3KZrC2o2wv0NJ2LNWJgvuoNyWOYP2i4vo=",
        "owner": "nvim-telescope",
        "repo": "telescope.nvim",
        "rev": "5255aa27c422de944791318024167ad5d40aad20",
        "type": "github"
      },
      "original": {
        "owner": "nvim-telescope",
        "repo": "telescope.nvim",
        "type": "github"
      }
    },
    "theme": {
      "locked": {
        "dir": "theming",
        "lastModified": 1770986605,
        "narHash": "sha256-+jPIJ7V+/z+CG7Hp/YOSkHYniyWDhHtErS85ymxEHko=",
        "owner": "jeansidharta",
        "repo": "configuration.nix",
        "rev": "361d5e56a221edfa7e68e90f7cc800be4c4867d6",
        "type": "github"
      },
      "original": {
        "dir": "theming",
        "owner": "jeansidharta",
        "repo": "configuration.nix",
        "type": "github"
      }
    },
    "treesitter_plugin": {
      "flake": false,
      "locked": {
        "lastModified": 1771440834,
        "narHash": "sha256-SaFoQhceGS5UqpX6Lu6cuEGgGnfOhID/vFCyHhjt0ds=",
        "owner": "nvim-treesitter",
        "repo": "nvim-treesitter",
        "rev": "ecdae44baefeffceade8b0c752d80ececad28e76",
        "type": "github"
      },
      "original": {
        "owner": "nvim-treesitter",
        "repo": "nvim-treesitter",
        "type": "github"
      }
    },
    "various-textobjs_plugin": {
      "flake": false,
      "locked": {
        "lastModified": 1770718450,
        "narHash": "sha256-hCdnCKm8F1ysOKY73C4jxfwGs6KvRTyWfaBn90SDoI0=",
        "owner": "chrisgrieser",
        "repo": "nvim-various-textobjs",
        "rev": "34ca4f6b54cf167554c5792cacc69c930b654136",
        "type": "github"
      },
      "original": {
        "owner": "chrisgrieser",
        "repo": "nvim-various-textobjs",
        "type": "github"
      }
    },
    "zk-nvim_plugin": {
      "flake": false,
      "locked": {
        "lastModified": 1769278216,
        "narHash": "sha256-w4eQQTsUiF6KoPkai6+iDp53FEYFUl44JXe2dayjpBU=",
        "owner": "zk-org",
        "repo": "zk-nvim",
        "rev": "51c8f858420112dda495a6f4ddbd3943ae433e39",
        "type": "github"
      },
      "original": {
        "owner": "zk-org",
        "repo": "zk-nvim",
        "type": "github"
      }
    }
  },
  "root": "root",
  "version": 7
}
