{
  "nodes": {
    "attone_plugin": {
      "flake": false,
      "locked": {
        "lastModified": 1782225712,
        "narHash": "sha256-Mq8f9TvEDjkoJ9sNhMhn2An9aaCYCEVGzy6Jv6r3Qms=",
        "owner": "XXiaoA",
        "repo": "atone.nvim",
        "rev": "bfe863e0499fcb47827aa7be1d2d734b8395c4c7",
        "type": "github"
      },
      "original": {
        "owner": "XXiaoA",
        "repo": "atone.nvim",
        "type": "github"
      }
    },
    "blink": {
      "inputs": {
        "blink-lib": "blink-lib",
        "nixpkgs": [
          "nixpkgs"
        ]
      },
      "locked": {
        "lastModified": 1780524079,
        "narHash": "sha256-NlNy+8WEQw6p1iwMOOAiSOZCuFMOPww6cVgtO9WkogM=",
        "owner": "Saghen",
        "repo": "blink.cmp",
        "rev": "d2c4d170ad51e5116da7b19f2426f3b6e318161d",
        "type": "github"
      },
      "original": {
        "owner": "Saghen",
        "repo": "blink.cmp",
        "rev": "d2c4d170ad51e5116da7b19f2426f3b6e318161d",
        "type": "github"
      }
    },
    "blink-cmp-words_plugin": {
      "flake": false,
      "locked": {
        "lastModified": 1754443982,
        "narHash": "sha256-x4VSBDdcij4BkvIzkFnGVtJvq+ow1rTtZk9MWeTlzpE=",
        "owner": "archie-judd",
        "repo": "blink-cmp-words",
        "rev": "d6a56f532a1826b4f3aeed4d5e2fe7b8743a9244",
        "type": "github"
      },
      "original": {
        "owner": "archie-judd",
        "repo": "blink-cmp-words",
        "type": "github"
      }
    },
    "blink-lib": {
      "inputs": {
        "nixpkgs": [
          "blink",
          "nixpkgs"
        ]
      },
      "locked": {
        "lastModified": 1779999494,
        "narHash": "sha256-0oQfbISX+VQKPTyFm+V8kHtudDXnJoCCaMYutZ82gUw=",
        "owner": "saghen",
        "repo": "blink.lib",
        "rev": "41bc1199dd1f5f0687efbd522061b22002c2d4c5",
        "type": "github"
      },
      "original": {
        "owner": "saghen",
        "repo": "blink.lib",
        "type": "github"
      }
    },
    "blink-lib_plugin": {
      "inputs": {
        "nixpkgs": [
          "nixpkgs"
        ]
      },
      "locked": {
        "lastModified": 1779999494,
        "narHash": "sha256-0oQfbISX+VQKPTyFm+V8kHtudDXnJoCCaMYutZ82gUw=",
        "owner": "saghen",
        "repo": "blink.lib",
        "rev": "41bc1199dd1f5f0687efbd522061b22002c2d4c5",
        "type": "github"
      },
      "original": {
        "owner": "saghen",
        "repo": "blink.lib",
        "rev": "41bc1199dd1f5f0687efbd522061b22002c2d4c5",
        "type": "github"
      }
    },
    "bufjump_plugin": {
      "flake": false,
      "locked": {
        "lastModified": 1714859949,
        "narHash": "sha256-K/aXbMCL/AM14faIVjNscl8eVyyfS5+LQ4X7nfqDGTU=",
        "owner": "kwkarlwang",
        "repo": "bufjump.nvim",
        "rev": "ae2728a77defbd27e9e5ef64c854fb0813ffba01",
        "type": "github"
      },
      "original": {
        "owner": "kwkarlwang",
        "repo": "bufjump.nvim",
        "type": "github"
      }
    },
    "fidget_plugin": {
      "flake": false,
      "locked": {
        "lastModified": 1782024272,
        "narHash": "sha256-8ppKGGga4NYOmSs8bZImYAf/yNcscJjyAilvA7ZfGFM=",
        "owner": "j-hui",
        "repo": "fidget.nvim",
        "rev": "6f793b2bcd2d35e201c09520f698bb763220908a",
        "type": "github"
      },
      "original": {
        "owner": "j-hui",
        "repo": "fidget.nvim",
        "type": "github"
      }
    },
    "fzf_plugin": {
      "flake": false,
      "locked": {
        "lastModified": 1783539507,
        "narHash": "sha256-ASLKVzjREpJw4e1IJXZXgS56SU8KuUOLlWR0R+xLxvM=",
        "owner": "ibhagwan",
        "repo": "fzf-lua",
        "rev": "532d463f5c83595192fe740572d8fd6902b2217a",
        "type": "github"
      },
      "original": {
        "owner": "ibhagwan",
        "repo": "fzf-lua",
        "type": "github"
      }
    },
    "git-signs_plugin": {
      "flake": false,
      "locked": {
        "lastModified": 1782899415,
        "narHash": "sha256-VqEz6o+9DvKekQ9h8QQntFaIb90BaveTctKKb0lmQLI=",
        "owner": "lewis6991",
        "repo": "gitsigns.nvim",
        "rev": "eb60cc7b94c46005237fd34170d76f3a089a90aa",
        "type": "github"
      },
      "original": {
        "owner": "lewis6991",
        "repo": "gitsigns.nvim",
        "type": "github"
      }
    },
    "indent-blankline_plugin": {
      "flake": false,
      "locked": {
        "lastModified": 1771288550,
        "narHash": "sha256-Vc79ff416uJFqKH8zlM1y208SxaQGpQPqGVbiz5Vflg=",
        "owner": "lukas-reineke",
        "repo": "indent-blankline.nvim",
        "rev": "d28a3f70721c79e3c5f6693057ae929f3d9c0a03",
        "type": "github"
      },
      "original": {
        "owner": "lukas-reineke",
        "repo": "indent-blankline.nvim",
        "type": "github"
      }
    },
    "lualine_plugin": {
      "flake": false,
      "locked": {
        "lastModified": 1780194559,
        "narHash": "sha256-6PjGu30Ed4/e/HQ3mIFQuUOxcCiti/71jjlMsjN7EoA=",
        "owner": "nvim-lualine",
        "repo": "lualine.nvim",
        "rev": "221ce6b2d999187044529f49da6554a92f740a96",
        "type": "github"
      },
      "original": {
        "owner": "nvim-lualine",
        "repo": "lualine.nvim",
        "type": "github"
      }
    },
    "luasnip_plugin": {
      "flake": false,
      "locked": {
        "lastModified": 1779224266,
        "narHash": "sha256-5Dm5maKjGcduew/cUZTWeyyVEgpZ0OpoVdMRYEw8Li0=",
        "owner": "L3MON4D3",
        "repo": "LuaSnip",
        "rev": "0abc8f390b278c3b4aabc4c004ac8a088b65cf24",
        "type": "github"
      },
      "original": {
        "owner": "L3MON4D3",
        "repo": "LuaSnip",
        "type": "github"
      }
    },
    "mdeval_plugin": {
      "flake": false,
      "locked": {
        "lastModified": 1750143886,
        "narHash": "sha256-U+PPT7I8UOGtBxLN1zhYWglKwnZNiXIpb+u9/0FgESk=",
        "owner": "jeansidharta",
        "repo": "mdeval.nvim",
        "rev": "19d7ab577c5afbd8dbe4ab38d2f933437c9237bc",
        "type": "github"
      },
      "original": {
        "owner": "jeansidharta",
        "repo": "mdeval.nvim",
        "type": "github"
      }
    },
    "neovim-dap_plugin": {
      "flake": false,
      "locked": {
        "lastModified": 1781854401,
        "narHash": "sha256-IHm3CwO7qUTtOZqhljDjSzz4WbaAJ4kPY384MyZZ9ac=",
        "owner": "mfussenegger",
        "repo": "nvim-dap",
        "rev": "9e848e09a697ee95302a3ef2dd43fd6eb709e570",
        "type": "github"
      },
      "original": {
        "owner": "mfussenegger",
        "repo": "nvim-dap",
        "type": "github"
      }
    },
    "nixpkgs": {
      "locked": {
        "lastModified": 1783224372,
        "narHash": "sha256-8i/87eeoqiGE4yOTjwSA3Eh/ziJRQEmd/unYU+K27sk=",
        "owner": "nixos",
        "repo": "nixpkgs",
        "rev": "d407951447dcd00442e97087bf374aad70c04cea",
        "type": "github"
      },
      "original": {
        "owner": "nixos",
        "ref": "nixos-unstable",
        "repo": "nixpkgs",
        "type": "github"
      }
    },
    "none-ls_plugin": {
      "flake": false,
      "locked": {
        "lastModified": 1780374427,
        "narHash": "sha256-Amz3UFxET/+poFUm+ldyPEdl9u9/DDMarvgF+AleC/U=",
        "owner": "nvimtools",
        "repo": "none-ls.nvim",
        "rev": "01f8e62ea11603e59ad9ff7afcfa94fd183f76d6",
        "type": "github"
      },
      "original": {
        "owner": "nvimtools",
        "repo": "none-ls.nvim",
        "type": "github"
      }
    },
    "nvim-colorizer_plugin": {
      "flake": false,
      "locked": {
        "lastModified": 1780136035,
        "narHash": "sha256-qVFQGJMGr0htwZqarhMdh7yG6SSH/rv8yqmp1CsoT3I=",
        "owner": "catgoose",
        "repo": "nvim-colorizer.lua",
        "rev": "664c0b7cea1de71f8b65dfe951b7996fc3e6ccde",
        "type": "github"
      },
      "original": {
        "owner": "catgoose",
        "repo": "nvim-colorizer.lua",
        "type": "github"
      }
    },
    "nvim-lspconfig_plugin": {
      "flake": false,
      "locked": {
        "lastModified": 1783160942,
        "narHash": "sha256-nBUh7slBfsXAaJ0xYfvD/j+TfBxkETGqq12DtHlj2d0=",
        "owner": "neovim",
        "repo": "nvim-lspconfig",
        "rev": "d224a1920728ba129880efc700d4a0180ac4ecbb",
        "type": "github"
      },
      "original": {
        "owner": "neovim",
        "repo": "nvim-lspconfig",
        "type": "github"
      }
    },
    "nvim-notify_plugin": {
      "flake": false,
      "locked": {
        "lastModified": 1757190131,
        "narHash": "sha256-h7STMjY+CBTqBkIDJXgtJz4WhNeQ02ES2Jesi3jZXeM=",
        "owner": "rcarriga",
        "repo": "nvim-notify",
        "rev": "8701bece920b38ea289b457f902e2ad184131a5d",
        "type": "github"
      },
      "original": {
        "owner": "rcarriga",
        "repo": "nvim-notify",
        "type": "github"
      }
    },
    "outline_plugin": {
      "flake": false,
      "locked": {
        "lastModified": 1780021004,
        "narHash": "sha256-4kvDnzLYFDDqcnpPWuNv3uXKDOHZjFLFTYtRGmP7rsc=",
        "owner": "hedyhli",
        "repo": "outline.nvim",
        "rev": "2a132953b944561d45b52e4541ebfff71934a742",
        "type": "github"
      },
      "original": {
        "owner": "hedyhli",
        "repo": "outline.nvim",
        "type": "github"
      }
    },
    "plenary_plugin": {
      "flake": false,
      "locked": {
        "lastModified": 1775800366,
        "narHash": "sha256-nkfETDkPiE+Kd2BWYZijgUp9bP8RgFwRmvqJz2BMuq4=",
        "owner": "nvim-lua",
        "repo": "plenary.nvim",
        "rev": "74b06c6c75e4eeb3108ec01852001636d85a932b",
        "type": "github"
      },
      "original": {
        "owner": "nvim-lua",
        "repo": "plenary.nvim",
        "type": "github"
      }
    },
    "root": {
      "inputs": {
        "attone_plugin": "attone_plugin",
        "blink": "blink",
        "blink-cmp-words_plugin": "blink-cmp-words_plugin",
        "blink-lib_plugin": "blink-lib_plugin",
        "bufjump_plugin": "bufjump_plugin",
        "fidget_plugin": "fidget_plugin",
        "fzf_plugin": "fzf_plugin",
        "git-signs_plugin": "git-signs_plugin",
        "indent-blankline_plugin": "indent-blankline_plugin",
        "lualine_plugin": "lualine_plugin",
        "luasnip_plugin": "luasnip_plugin",
        "mdeval_plugin": "mdeval_plugin",
        "neovim-dap_plugin": "neovim-dap_plugin",
        "nixpkgs": "nixpkgs",
        "none-ls_plugin": "none-ls_plugin",
        "nvim-colorizer_plugin": "nvim-colorizer_plugin",
        "nvim-lspconfig_plugin": "nvim-lspconfig_plugin",
        "nvim-notify_plugin": "nvim-notify_plugin",
        "outline_plugin": "outline_plugin",
        "plenary_plugin": "plenary_plugin",
        "snacks_plugin": "snacks_plugin",
        "theme": "theme",
        "treesitter_plugin": "treesitter_plugin",
        "various-textobjs_plugin": "various-textobjs_plugin",
        "vim-magnum_plugin": "vim-magnum_plugin",
        "vim-radical_plugin": "vim-radical_plugin"
      }
    },
    "snacks_plugin": {
      "flake": false,
      "locked": {
        "lastModified": 1779727538,
        "narHash": "sha256-gU0XjCcnmZNwZ/erukA8miBiMKaSsSiInLtiv+OyEJI=",
        "owner": "folke",
        "repo": "snacks.nvim",
        "rev": "882c996cf28183f4d63640de0b4c02ec886d01f2",
        "type": "github"
      },
      "original": {
        "owner": "folke",
        "repo": "snacks.nvim",
        "type": "github"
      }
    },
    "theme": {
      "locked": {
        "dir": "theming",
        "lastModified": 1782260856,
        "narHash": "sha256-ZvAidFX//KKJarcq+p7FVU2Xdm5QV7g0OwhHvukTcD0=",
        "owner": "jeansidharta",
        "repo": "configuration.nix",
        "rev": "444ce6e29164b308d54277374d7fa9554429c0b3",
        "type": "github"
      },
      "original": {
        "dir": "theming",
        "owner": "jeansidharta",
        "repo": "configuration.nix",
        "type": "github"
      }
    },
    "treesitter_plugin": {
      "flake": false,
      "locked": {
        "lastModified": 1775221900,
        "narHash": "sha256-PQR6tFt4lCrAZNQG7BLMD1IiCKja9wDS1S4laGJf/HE=",
        "owner": "nvim-treesitter",
        "repo": "nvim-treesitter",
        "rev": "4916d6592ede8c07973490d9322f187e07dfefac",
        "type": "github"
      },
      "original": {
        "owner": "nvim-treesitter",
        "repo": "nvim-treesitter",
        "type": "github"
      }
    },
    "various-textobjs_plugin": {
      "flake": false,
      "locked": {
        "lastModified": 1782134657,
        "narHash": "sha256-eYHMSng5gnnD6X71GlfUWbeX74z5CcXr35JLJZeiOCg=",
        "owner": "chrisgrieser",
        "repo": "nvim-various-textobjs",
        "rev": "fed132a88454e52c9691f4751090031944af4a7e",
        "type": "github"
      },
      "original": {
        "owner": "chrisgrieser",
        "repo": "nvim-various-textobjs",
        "type": "github"
      }
    },
    "vim-magnum_plugin": {
      "flake": false,
      "locked": {
        "lastModified": 1573572500,
        "narHash": "sha256-dLZRR6B94+DoUlRHM24XmPV+iBlMDxDaj+GSOuStkrs=",
        "owner": "glts",
        "repo": "vim-magnum",
        "rev": "7a30761b935d72bada5bbe90162a6afdb77c858d",
        "type": "github"
      },
      "original": {
        "owner": "glts",
        "repo": "vim-magnum",
        "type": "github"
      }
    },
    "vim-radical_plugin": {
      "flake": false,
      "locked": {
        "lastModified": 1711391667,
        "narHash": "sha256-OjYr+PhqjELQuX+b4HiDkfYpTBXeP0vlDrCHe3S7RAs=",
        "owner": "glts",
        "repo": "vim-radical",
        "rev": "aca8992a25d317a4c6fa42e263e8506ea3e355d8",
        "type": "github"
      },
      "original": {
        "owner": "glts",
        "repo": "vim-radical",
        "type": "github"
      }
    }
  },
  "root": "root",
  "version": 7
}
